{
    "name": "pysheets-src",
    "lockfileVersion": 2,
    "requires": true,
    "packages": {
        "": {
            "dependencies": {
                "@sourcegraph/cody-agent": "latest"
            }
        },
        "node_modules/@sourcegraph/cody-agent": {
            "version": "0.0.5",
            "integrity": "sha512-dqYoshKb18+x01qW7C2eNdApTCNXR4vxHij7T9/KLBurt2daT8EZGFS+vbyGel/JTUpAiltVUCnJK4sFnTZZrg==",
            "dependencies": {
                "@pollyjs/core": "^6.0.6",
                "@pollyjs/persister": "^6.0.6",
                "@pollyjs/persister-fs": "^6.0.6",
                "@sourcegraph/cody-shared": "0.0.9",
                "@sourcegraph/telemetry": "^0.16.0",
                "@types/js-levenshtein": "^1.1.1",
                "commander": "^11.1.0",
                "csv-writer": "^1.6.0",
                "dedent": "^0.7.0",
                "env-paths": "^3.0.0",
                "fast-myers-diff": "^3.1.0",
                "js-levenshtein": "^1.1.6",
                "mac-ca": "^2.0.3",
                "minimatch": "^9.0.3",
                "pretty-ms": "^8.0.0",
                "uuid": "^9.0.0",
                "vscode-uri": "^3.0.7"
            },
            "bin": {
                "cody-agent": "dist/index.js"
            }
        }
    },
    "dependencies": {
        "@sourcegraph/cody-agent": {
            "version": "0.0.5",
            "requires": {
                "@pollyjs/core": "^6.0.6",
                "@pollyjs/persister": "^6.0.6",
                "@pollyjs/persister-fs": "^6.0.6",
                "@sourcegraph/cody-shared": "0.0.9",
                "@sourcegraph/telemetry": "^0.16.0",
                "@types/js-levenshtein": "^1.1.1",
                "commander": "^11.1.0",
                "csv-writer": "^1.6.0",
                "dedent": "^0.7.0",
                "env-paths": "^3.0.0",
                "fast-myers-diff": "^3.1.0",
                "js-levenshtein": "^1.1.6",
                "mac-ca": "^2.0.3",
                "minimatch": "^9.0.3",
                "pretty-ms": "^8.0.0",
                "uuid": "^9.0.0",
                "vscode-uri": "^3.0.7"
            }
        }
    }
}
