{
  "name": "lib",
  "lockfileVersion": 3,
  "requires": true,
  "packages": {
    "": {
      "dependencies": {
        "@micropython/micropython-webassembly-pyscript": "^1.24.0-preview-114",
        "@pyscript/core": "^0.5.0",
        "pyodide": "^0.26.2"
      }
    },
    "node_modules/@micropython/micropython-webassembly-pyscript": {
      "version": "1.24.0-preview-114",
      "resolved": "https://registry.npmjs.org/@micropython/micropython-webassembly-pyscript/-/micropython-webassembly-pyscript-1.24.0-preview-114.tgz",
      "integrity": "sha512-B/c4MAKIB2greFrVJXCj0SQ6Jm+OX4yNQiySuWNvYBBg+ciV8FIesUpre00z/BOkC89M7ibXhtD9BgvOwRppxw=="
    },
    "node_modules/@pyscript/core": {
      "version": "0.5.0",
      "resolved": "https://registry.npmjs.org/@pyscript/core/-/core-0.5.0.tgz",
      "integrity": "sha512-CWTZPwEI9zsw4seK1GfE7vI9nz5AHvt1NZ3K03dCmkZD24HP2G359xtfdWUctg8MepnR+ehaiogGhGbc8P8tUA==",
      "dependencies": {
        "@ungap/with-resolvers": "^0.1.0",
        "basic-devtools": "^0.1.6",
        "polyscript": "^0.14.2",
        "sticky-module": "^0.1.1",
        "to-json-callback": "^0.1.1",
        "type-checked-collections": "^0.1.7"
      }
    },
    "node_modules/@ungap/structured-clone": {
      "version": "1.2.0",
      "resolved": "https://registry.npmjs.org/@ungap/structured-clone/-/structured-clone-1.2.0.tgz",
      "integrity": "sha512-zuVdFrMJiuCDQUMCzQaD6KL28MjnqqN8XnAqiEq9PNm/hCPTSGfrXCOfwj1ow4LFb/tNymJPwsNbVePc1xFqrQ=="
    },
    "node_modules/@ungap/with-resolvers": {
      "version": "0.1.0",
      "resolved": "https://registry.npmjs.org/@ungap/with-resolvers/-/with-resolvers-0.1.0.tgz",
      "integrity": "sha512-g7f0IkJdPW2xhY7H4iE72DAsIyfuwEFc6JWc2tYFwKDMWWAF699vGjrM348cwQuOXgHpe1gWFe+Eiyjx/ewvvw=="
    },
    "node_modules/@webreflection/fetch": {
      "version": "0.1.5",
      "resolved": "https://registry.npmjs.org/@webreflection/fetch/-/fetch-0.1.5.tgz",
      "integrity": "sha512-zCcqCJoNLvdeF41asAK71XPlwSPieeRDsE09albBunJEksuYPYNillKNQjf8p5BqSoTKTuKrW3lUm3MNodUC4g=="
    },
    "node_modules/@webreflection/idb-map": {
      "version": "0.3.1",
      "resolved": "https://registry.npmjs.org/@webreflection/idb-map/-/idb-map-0.3.1.tgz",
      "integrity": "sha512-lRCanqwR7tHHFohJHAMSMEZnoNPvgjcKr0f5e4y+lTJA+fctT61EZ+f5pT5/+8+wlSsMAvXjzfKRLT6o9aqxbA=="
    },
    "node_modules/basic-devtools": {
      "version": "0.1.6",
      "resolved": "https://registry.npmjs.org/basic-devtools/-/basic-devtools-0.1.6.tgz",
      "integrity": "sha512-g9zJ63GmdUesS3/Fwv0B5SYX6nR56TQXmGr+wE5PRTNCnGQMYWhUx/nZB/mMWnQJVLPPAp89oxDNlasdtNkW5Q=="
    },
    "node_modules/codedent": {
      "version": "0.1.2",
      "resolved": "https://registry.npmjs.org/codedent/-/codedent-0.1.2.tgz",
      "integrity": "sha512-qEqzcy5viM3UoCN0jYHZeXZoyd4NZQzYFg0kOBj8O1CgoGG9WYYTF+VeQRsN0OSKFjF3G1u4WDUOtOsWEx6N2w==",
      "dependencies": {
        "plain-tag": "^0.1.3"
      }
    },
    "node_modules/coincident": {
      "version": "2.0.0",
      "resolved": "https://registry.npmjs.org/coincident/-/coincident-2.0.0.tgz",
      "integrity": "sha512-dBaBEgcXQiSMVosZ76YqEeNQAW+xsOQG9cc/MzDH/aHTz/l+Q2xPwI8cW0AtDd+D56CLrgRVdR+L6Pf7j8OAgw==",
      "dependencies": {
        "gc-hook": "^0.3.1",
        "js-proxy": "^0.4.3",
        "sabayon": "^0.5.0"
      }
    },
    "node_modules/gc-hook": {
      "version": "0.3.1",
      "resolved": "https://registry.npmjs.org/gc-hook/-/gc-hook-0.3.1.tgz",
      "integrity": "sha512-E5M+O/h2o7eZzGhzRZGex6hbB3k4NWqO0eA+OzLRLXxhdbYPajZnynPwAtphnh+cRHPwsj5Z80dqZlfI4eK55A=="
    },
    "node_modules/html-escaper": {
      "version": "3.0.3",
      "resolved": "https://registry.npmjs.org/html-escaper/-/html-escaper-3.0.3.tgz",
      "integrity": "sha512-RuMffC89BOWQoY0WKGpIhn5gX3iI54O6nRA0yC124NYVtzjmFWBIiFd8M0x+ZdX0P9R4lADg1mgP8C7PxGOWuQ=="
    },
    "node_modules/js-proxy": {
      "version": "0.4.3",
      "resolved": "https://registry.npmjs.org/js-proxy/-/js-proxy-0.4.3.tgz",
      "integrity": "sha512-zSkaj+H6V8YiNF/CnHMYDarE+uNFYWEgW9R7xXjSPUchpCdKipS4MEW4HLJ0FA6oQeI7y2nUwx3g0WpRXZTi0w==",
      "dependencies": {
        "gc-hook": "^0.3.1",
        "proxy-target": "^3.0.2"
      }
    },
    "node_modules/plain-tag": {
      "version": "0.1.3",
      "resolved": "https://registry.npmjs.org/plain-tag/-/plain-tag-0.1.3.tgz",
      "integrity": "sha512-yyVAOFKTAElc7KdLt2+UKGExNYwYb/Y/WE9i+1ezCQsJE8gbKSjewfpRqK2nQgZ4d4hhAAGgDCOcIZVilqE5UA=="
    },
    "node_modules/polyscript": {
      "version": "0.14.2",
      "resolved": "https://registry.npmjs.org/polyscript/-/polyscript-0.14.2.tgz",
      "integrity": "sha512-jYZXUFJ+SPhpKKrGQJVcsXmTKE0EnFAr3ApvVP1IGzmpvgEBbmrzfQld6MIVOljQxoec7pXlKgqPQoM28KXnvg==",
      "dependencies": {
        "@ungap/structured-clone": "^1.2.0",
        "@ungap/with-resolvers": "^0.1.0",
        "@webreflection/fetch": "^0.1.5",
        "@webreflection/idb-map": "^0.3.1",
        "basic-devtools": "^0.1.6",
        "codedent": "^0.1.2",
        "coincident": "^2.0.0",
        "gc-hook": "^0.3.1",
        "html-escaper": "^3.0.3",
        "proxy-target": "^3.0.2",
        "sticky-module": "^0.1.1",
        "to-json-callback": "^0.1.1"
      }
    },
    "node_modules/proxy-target": {
      "version": "3.0.2",
      "resolved": "https://registry.npmjs.org/proxy-target/-/proxy-target-3.0.2.tgz",
      "integrity": "sha512-FFE1XNwXX/FNC3/P8HiKaJSy/Qk68RitG/QEcLy/bVnTAPlgTAWPZKh0pARLAnpfXQPKyalBhk009NRTgsk8vQ=="
    },
    "node_modules/pyodide": {
      "version": "0.26.2",
      "resolved": "https://registry.npmjs.org/pyodide/-/pyodide-0.26.2.tgz",
      "integrity": "sha512-8VCRdFX83gBsWs6XP2rhG8HMaB+JaVyyav4q/EMzoV8fXH8HN6T5IISC92SNma6i1DRA3SVXA61S1rJcB8efgA==",
      "dependencies": {
        "ws": "^8.5.0"
      },
      "engines": {
        "node": ">=18.0.0"
      }
    },
    "node_modules/sabayon": {
      "version": "0.5.2",
      "resolved": "https://registry.npmjs.org/sabayon/-/sabayon-0.5.2.tgz",
      "integrity": "sha512-7y8dwQFhInkUuI0JL1rAGLYeKz9LypgfzMOVO04v9pYvepzYJ6B7MhyoRiVIx2sGm7MhrD5h/SaHP6p+5Uc7Cw==",
      "bin": {
        "sabayon": "cli.cjs"
      }
    },
    "node_modules/sticky-module": {
      "version": "0.1.1",
      "resolved": "https://registry.npmjs.org/sticky-module/-/sticky-module-0.1.1.tgz",
      "integrity": "sha512-IuYgnyIMUx/m6rtu14l/LR2MaqOLtpXcWkxPmtPsiScRHEo+S4Tojk+DWFHOncSdFX/OsoLOM4+T92yOmI1AMw=="
    },
    "node_modules/to-json-callback": {
      "version": "0.1.1",
      "resolved": "https://registry.npmjs.org/to-json-callback/-/to-json-callback-0.1.1.tgz",
      "integrity": "sha512-BzOeinTT3NjE+FJ2iCvWB8HvyuyBzoH3WlSnJ+AYVC4tlePyZWSYdkQIFOARWiq0t35/XhmI0uQsFiUsRksRqg=="
    },
    "node_modules/type-checked-collections": {
      "version": "0.1.7",
      "resolved": "https://registry.npmjs.org/type-checked-collections/-/type-checked-collections-0.1.7.tgz",
      "integrity": "sha512-fLIydlJy7IG9XL4wjRwEcKhxx/ekLXiWiMvcGo01cOMF+TN+5ZqajM1mRNRz2bNNi1bzou2yofhjZEQi7kgl9A=="
    },
    "node_modules/ws": {
      "version": "8.18.0",
      "resolved": "https://registry.npmjs.org/ws/-/ws-8.18.0.tgz",
      "integrity": "sha512-8VbfWfHLbbwu3+N6OKsOMpBdT4kXPDDB9cJk2bJ6mh9ucxdlnNvH1e+roYkKmN9Nxw2yjz7VzeO9oOz2zJ04Pw==",
      "engines": {
        "node": ">=10.0.0"
      },
      "peerDependencies": {
        "bufferutil": "^4.0.1",
        "utf-8-validate": ">=5.0.2"
      },
      "peerDependenciesMeta": {
        "bufferutil": {
          "optional": true
        },
        "utf-8-validate": {
          "optional": true
        }
      }
    }
  }
}
